
Microsoft Visual Studio Solution File, Format Version 12.00
# Visual Studio 15
VisualStudioVersion = 15.0.27004.2002
MinimumVisualStudioVersion = 10.0.40219.1
Project("{FAE04EC0-301F-11D3-BF4B-00C04F79EFBC}") = "OddsAdmin", "OddsAdmin\OddsAdmin.csproj", "{F1A98671-80A9-4C9B-9E89-F7C66594B5EF}"
EndProject
Project("{FAE04EC0-301F-11D3-BF4B-00C04F79EFBC}") = "OddsAdmin.Tests", "OddsAdmin.Tests\OddsAdmin.Tests.csproj", "{01F285AD-E731-4148-A03F-64BD2A65E50E}"
EndProject
Global
	GlobalSection(SolutionConfigurationPlatforms) = preSolution
		Debug|Any CPU = Debug|Any CPU
		Release|Any CPU = Release|Any CPU
	EndGlobalSection
	GlobalSection(ProjectConfigurationPlatforms) = postSolution
		{F1A98671-80A9-4C9B-9E89-F7C66594B5EF}.Debug|Any CPU.ActiveCfg = Debug|Any CPU
		{F1A98671-80A9-4C9B-9E89-F7C66594B5EF}.Debug|Any CPU.Build.0 = Debug|Any CPU
		{F1A98671-80A9-4C9B-9E89-F7C66594B5EF}.Release|Any CPU.ActiveCfg = Release|Any CPU
		{F1A98671-80A9-4C9B-9E89-F7C66594B5EF}.Release|Any CPU.Build.0 = Release|Any CPU
		{01F285AD-E731-4148-A03F-64BD2A65E50E}.Debug|Any CPU.ActiveCfg = Debug|Any CPU
		{01F285AD-E731-4148-A03F-64BD2A65E50E}.Debug|Any CPU.Build.0 = Debug|Any CPU
		{01F285AD-E731-4148-A03F-64BD2A65E50E}.Release|Any CPU.ActiveCfg = Release|Any CPU
		{01F285AD-E731-4148-A03F-64BD2A65E50E}.Release|Any CPU.Build.0 = Release|Any CPU
	EndGlobalSection
	GlobalSection(SolutionProperties) = preSolution
		HideSolutionNode = FALSE
	EndGlobalSection
	GlobalSection(ExtensibilityGlobals) = postSolution
		SolutionGuid = {DE9CD290-AF21-406C-B48D-3377B5506A06}
	EndGlobalSection
EndGlobal
